// !$*UTF8*$!
{
	archiveVersion = 1;
	classes = {
	};
	objectVersion = 46;
	objects = {

/* Begin PBXBuildFile section */
		92423EFE1A7CE8FF00986FFA /* AppDelegate.swift in Sources */ = {isa = PBXBuildFile; fileRef = 92423EFD1A7CE8FF00986FFA /* AppDelegate.swift */; };
		92423F011A7CE8FF00986FFA /* Unit5.xcdatamodeld in Sources */ = {isa = PBXBuildFile; fileRef = 92423EFF1A7CE8FF00986FFA /* Unit5.xcdatamodeld */; };
		92423F031A7CE8FF00986FFA /* ViewController.swift in Sources */ = {isa = PBXBuildFile; fileRef = 92423F021A7CE8FF00986FFA /* ViewController.swift */; };
		92423F061A7CE8FF00986FFA /* Main.storyboard in Resources */ = {isa = PBXBuildFile; fileRef = 92423F041A7CE8FF00986FFA /* Main.storyboard */; };
		92423F081A7CE8FF00986FFA /* Images.xcassets in Resources */ = {isa = PBXBuildFile; fileRef = 92423F071A7CE8FF00986FFA /* Images.xcassets */; };
		92423F0B1A7CE8FF00986FFA /* LaunchScreen.xib in Resources */ = {isa = PBXBuildFile; fileRef = 92423F091A7CE8FF00986FFA /* LaunchScreen.xib */; };
		92423F171A7CE8FF00986FFA /* Unit5Tests.swift in Sources */ = {isa = PBXBuildFile; fileRef = 92423F161A7CE8FF00986FFA /* Unit5Tests.swift */; };
/* End PBXBuildFile section */

/* Begin PBXContainerItemProxy section */
		92423F111A7CE8FF00986FFA /* PBXContainerItemProxy */ = {
			isa = PBXContainerItemProxy;
			containerPortal = 92423EF01A7CE8FE00986FFA /* Project object */;
			proxyType = 1;
			remoteGlobalIDString = 92423EF71A7CE8FE00986FFA;
			remoteInfo = Unit5;
		};
/* End PBXContainerItemProxy section */

/* Begin PBXFileReference section */
		92423EF81A7CE8FE00986FFA /* Unit5.app */ = {isa = PBXFileReference; explicitFileType = wrapper.application; includeInIndex = 0; path = Unit5.app; sourceTree = BUILT_PRODUCTS_DIR; };
		92423EFC1A7CE8FF00986FFA /* Info.plist */ = {isa = PBXFileReference; lastKnownFileType = text.plist.xml; path = Info.plist; sourceTree = "<group>"; };
		92423EFD1A7CE8FF00986FFA /* AppDelegate.swift */ = {isa = PBXFileReference; lastKnownFileType = sourcecode.swift; path = AppDelegate.swift; sourceTree = "<group>"; };
		92423F001A7CE8FF00986FFA /* Unit5.xcdatamodel */ = {isa = PBXFileReference; lastKnownFileType = wrapper.xcdatamodel; path = Unit5.xcdatamodel; sourceTree = "<group>"; };
		92423F021A7CE8FF00986FFA /* ViewController.swift */ = {isa = PBXFileReference; lastKnownFileType = sourcecode.swift; path = ViewController.swift; sourceTree = "<group>"; };
		92423F051A7CE8FF00986FFA /* Base */ = {isa = PBXFileReference; lastKnownFileType = file.storyboard; name = Base; path = Base.lproj/Main.storyboard; sourceTree = "<group>"; };
		92423F071A7CE8FF00986FFA /* Images.xcassets */ = {isa = PBXFileReference; lastKnownFileType = folder.assetcatalog; path = Images.xcassets; sourceTree = "<group>"; };
		92423F0A1A7CE8FF00986FFA /* Base */ = {isa = PBXFileReference; lastKnownFileType = file.xib; name = Base; path = Base.lproj/LaunchScreen.xib; sourceTree = "<group>"; };
		92423F101A7CE8FF00986FFA /* Unit5Tests.xctest */ = {isa = PBXFileReference; explicitFileType = wrapper.cfbundle; includeInIndex = 0; path = Unit5Tests.xctest; sourceTree = BUILT_PRODUCTS_DIR; };
		92423F151A7CE8FF00986FFA /* Info.plist */ = {isa = PBXFileReference; lastKnownFileType = text.plist.xml; path = Info.plist; sourceTree = "<group>"; };
		92423F161A7CE8FF00986FFA /* Unit5Tests.swift */ = {isa = PBXFileReference; lastKnownFileType = sourcecode.swift; path = Unit5Tests.swift; sourceTree = "<group>"; };
/* End PBXFileReference section */

/* Begin PBXFrameworksBuildPhase section */
		92423EF51A7CE8FE00986FFA /* Frameworks */ = {
			isa = PBXFrameworksBuildPhase;
			buildActionMask = 2147483647;
			files = (
			);
			runOnlyForDeploymentPostprocessing = 0;
		};
		92423F0D1A7CE8FF00986FFA /* Frameworks */ = {
			isa = PBXFrameworksBuildPhase;
			buildActionMask = 2147483647;
			files = (
			);
			runOnlyForDeploymentPostprocessing = 0;
		};
/* End PBXFrameworksBuildPhase section */

/* Begin PBXGroup section */
		92423EEF1A7CE8FE00986FFA = {
			isa = PBXGroup;
			children = (
				92423EFA1A7CE8FE00986FFA /* Unit5 */,
				92423F131A7CE8FF00986FFA /* Unit5Tests */,
				92423EF91A7CE8FE00986FFA /* Products */,
			);
			sourceTree = "<group>";
		};
		92423EF91A7CE8FE00986FFA /* Products */ = {
			isa = PBXGroup;
			children = (
				92423EF81A7CE8FE00986FFA /* Unit5.app */,
				92423F101A7CE8FF00986FFA /* Unit5Tests.xctest */,
			);
			name = Products;
			sourceTree = "<group>";
		};
		92423EFA1A7CE8FE00986FFA /* Unit5 */ = {
			isa = PBXGroup;
			children = (
				92423EFD1A7CE8FF00986FFA /* AppDelegate.swift */,
				92423F021A7CE8FF00986FFA /* ViewController.swift */,
				92423F041A7CE8FF00986FFA /* Main.storyboard */,
				92423F071A7CE8FF00986FFA /* Images.xcassets */,
				92423F091A7CE8FF00986FFA /* LaunchScreen.xib */,
				92423EFF1A7CE8FF00986FFA /* Unit5.xcdatamodeld */,
				92423EFB1A7CE8FF00986FFA /* Supporting Files */,
			);
			path = Unit5;
			sourceTree = "<group>";
		};
		92423EFB1A7CE8FF00986FFA /* Supporting Files */ = {
			isa = PBXGroup;
			children = (
				92423EFC1A7CE8FF00986FFA /* Info.plist */,
			);
			name = "Supporting Files";
			sourceTree = "<group>";
		};
		92423F131A7CE8FF00986FFA /* Unit5Tests */ = {
			isa = PBXGroup;
			children = (
				92423F161A7CE8FF00986FFA /* Unit5Tests.swift */,
				92423F141A7CE8FF00986FFA /* Supporting Files */,
			);
			path = Unit5Tests;
			sourceTree = "<group>";
		};
		92423F141A7CE8FF00986FFA /* Supporting Files */ = {
			isa = PBXGroup;
			children = (
				92423F151A7CE8FF00986FFA /* Info.plist */,
			);
			name = "Supporting Files";
			sourceTree = "<group>";
		};
/* End PBXGroup section */

/* Begin PBXNativeTarget section */
		92423EF71A7CE8FE00986FFA /* Unit5 */ = {
			isa = PBXNativeTarget;
			buildConfigurationList = 92423F1A1A7CE8FF00986FFA /* Build configuration list for PBXNativeTarget "Unit5" */;
			buildPhases = (
				92423EF41A7CE8FE00986FFA /* Sources */,
				92423EF51A7CE8FE00986FFA /* Frameworks */,
				92423EF61A7CE8FE00986FFA /* Resources */,
			);
			buildRules = (
			);
			dependencies = (
			);
			name = Unit5;
			productName = Unit5;
			productReference = 92423EF81A7CE8FE00986FFA /* Unit5.app */;
			productType = "com.apple.product-type.application";
		};
		92423F0F1A7CE8FF00986FFA /* Unit5Tests */ = {
			isa = PBXNativeTarget;
			buildConfigurationList = 92423F1D1A7CE8FF00986FFA /* Build configuration list for PBXNativeTarget "Unit5Tests" */;
			buildPhases = (
				92423F0C1A7CE8FF00986FFA /* Sources */,
				92423F0D1A7CE8FF00986FFA /* Frameworks */,
				92423F0E1A7CE8FF00986FFA /* Resources */,
			);
			buildRules = (
			);
			dependencies = (
				92423F121A7CE8FF00986FFA /* PBXTargetDependency */,
			);
			name = Unit5Tests;
			productName = Unit5Tests;
			productReference = 92423F101A7CE8FF00986FFA /* Unit5Tests.xctest */;
			productType = "com.apple.product-type.bundle.unit-test";
		};
/* End PBXNativeTarget section */

/* Begin PBXProject section */
		92423EF01A7CE8FE00986FFA /* Project object */ = {
			isa = PBXProject;
			attributes = {
				LastUpgradeCheck = 0610;
				ORGANIZATIONNAME = sanjay;
				TargetAttributes = {
					92423EF71A7CE8FE00986FFA = {
						CreatedOnToolsVersion = 6.1.1;
						DevelopmentTeam = WLQA73E3G3;
					};
					92423F0F1A7CE8FF00986FFA = {
						CreatedOnToolsVersion = 6.1.1;
						TestTargetID = 92423EF71A7CE8FE00986FFA;
					};
				};
			};
			buildConfigurationList = 92423EF31A7CE8FE00986FFA /* Build configuration list for PBXProject "Unit5" */;
			compatibilityVersion = "Xcode 3.2";
			developmentRegion = English;
			hasScannedForEncodings = 0;
			knownRegions = (
				en,
				Base,
			);
			mainGroup = 92423EEF1A7CE8FE00986FFA;
			productRefGroup = 92423EF91A7CE8FE00986FFA /* Products */;
			projectDirPath = "";
			projectRoot = "";
			targets = (
				92423EF71A7CE8FE00986FFA /* Unit5 */,
				92423F0F1A7CE8FF00986FFA /* Unit5Tests */,
			);
		};
/* End PBXProject section */

/* Begin PBXResourcesBuildPhase section */
		92423EF61A7CE8FE00986FFA /* Resources */ = {
			isa = PBXResourcesBuildPhase;
			buildActionMask = 2147483647;
			files = (
				92423F061A7CE8FF00986FFA /* Main.storyboard in Resources */,
				92423F0B1A7CE8FF00986FFA /* LaunchScreen.xib in Resources */,
				92423F081A7CE8FF00986FFA /* Images.xcassets in Resources */,
			);
			runOnlyForDeploymentPostprocessing = 0;
		};
		92423F0E1A7CE8FF00986FFA /* Resources */ = {
			isa = PBXResourcesBuildPhase;
			buildActionMask = 2147483647;
			files = (
			);
			runOnlyForDeploymentPostprocessing = 0;
		};
/* End PBXResourcesBuildPhase section */

/* Begin PBXSourcesBuildPhase section */
		92423EF41A7CE8FE00986FFA /* Sources */ = {
			isa = PBXSourcesBuildPhase;
			buildActionMask = 2147483647;
			files = (
				92423F031A7CE8FF00986FFA /* ViewController.swift in Sources */,
				92423EFE1A7CE8FF00986FFA /* AppDelegate.swift in Sources */,
				92423F011A7CE8FF00986FFA /* Unit5.xcdatamodeld in Sources */,
			);
			runOnlyForDeploymentPostprocessing = 0;
		};
		92423F0C1A7CE8FF00986FFA /* Sources */ = {
			isa = PBXSourcesBuildPhase;
			buildActionMask = 2147483647;
			files = (
				92423F171A7CE8FF00986FFA /* Unit5Tests.swift in Sources */,
			);
			runOnlyForDeploymentPostprocessing = 0;
		};
/* End PBXSourcesBuildPhase section */

/* Begin PBXTargetDependency section */
		92423F121A7CE8FF00986FFA /* PBXTargetDependency */ = {
			isa = PBXTargetDependency;
			target = 92423EF71A7CE8FE00986FFA /* Unit5 */;
			targetProxy = 92423F111A7CE8FF00986FFA /* PBXContainerItemProxy */;
		};
/* End PBXTargetDependency section */

/* Begin PBXVariantGroup section */
		92423F041A7CE8FF00986FFA /* Main.storyboard */ = {
			isa = PBXVariantGroup;
			children = (
				92423F051A7CE8FF00986FFA /* Base */,
			);
			name = Main.storyboard;
			sourceTree = "<group>";
		};
		92423F091A7CE8FF00986FFA /* LaunchScreen.xib */ = {
			isa = PBXVariantGroup;
			children = (
				92423F0A1A7CE8FF00986FFA /* Base */,
			);
			name = LaunchScreen.xib;
			sourceTree = "<group>";
		};
/* End PBXVariantGroup section */

/* Begin XCBuildConfiguration section */
		92423F181A7CE8FF00986FFA /* Debug */ = {
			isa = XCBuildConfiguration;
			buildSettings = {
				ALWAYS_SEARCH_USER_PATHS = NO;
				CLANG_CXX_LANGUAGE_STANDARD = "gnu++0x";
				CLANG_CXX_LIBRARY = "libc++";
				CLANG_ENABLE_MODULES = YES;
				CLANG_ENABLE_OBJC_ARC = YES;
				CLANG_WARN_BOOL_CONVERSION = YES;
				CLANG_WARN_CONSTANT_CONVERSION = YES;
				CLANG_WARN_DIRECT_OBJC_ISA_USAGE = YES_ERROR;
				CLANG_WARN_EMPTY_BODY = YES;
				CLANG_WARN_ENUM_CONVERSION = YES;
				CLANG_WARN_INT_CONVERSION = YES;
				CLANG_WARN_OBJC_ROOT_CLASS = YES_ERROR;
				CLANG_WARN_UNREACHABLE_CODE = YES;
				CLANG_WARN__DUPLICATE_METHOD_MATCH = YES;
				"CODE_SIGN_IDENTITY[sdk=iphoneos*]" = "iPhone Developer";
				COPY_PHASE_STRIP = NO;
				ENABLE_STRICT_OBJC_MSGSEND = YES;
				GCC_C_LANGUAGE_STANDARD = gnu99;
				GCC_DYNAMIC_NO_PIC = NO;
				GCC_OPTIMIZATION_LEVEL = 0;
				GCC_PREPROCESSOR_DEFINITIONS = (
					"DEBUG=1",
					"$(inherited)",
				);
				GCC_SYMBOLS_PRIVATE_EXTERN = NO;
				GCC_WARN_64_TO_32_BIT_CONVERSION = YES;
				GCC_WARN_ABOUT_RETURN_TYPE = YES_ERROR;
				GCC_WARN_UNDECLARED_SELECTOR = YES;
				GCC_WARN_UNINITIALIZED_AUTOS = YES_AGGRESSIVE;
				GCC_WARN_UNUSED_FUNCTION = YES;
				GCC_WARN_UNUSED_VARIABLE = YES;
				IPHONEOS_DEPLOYMENT_TARGET = 8.1;
				MTL_ENABLE_DEBUG_INFO = YES;
				ONLY_ACTIVE_ARCH = YES;
				SDKROOT = iphoneos;
				SWIFT_OPTIMIZATION_LEVEL = "-Onone";
				TARGETED_DEVICE_FAMILY = "1,2";
			};
			name = Debug;
		};
		92423F191A7CE8FF00986FFA /* Release */ = {
			isa = XCBuildConfiguration;
			buildSettings = {
				ALWAYS_SEARCH_USER_PATHS = NO;
				CLANG_CXX_LANGUAGE_STANDARD = "gnu++0x";
				CLANG_CXX_LIBRARY = "libc++";
				CLANG_ENABLE_MODULES = YES;
				CLANG_ENABLE_OBJC_ARC = YES;
				CLANG_WARN_BOOL_CONVERSION = YES;
				CLANG_WARN_CONSTANT_CONVERSION = YES;
				CLANG_WARN_DIRECT_OBJC_ISA_USAGE = YES_ERROR;
				CLANG_WARN_EMPTY_BODY = YES;
				CLANG_WARN_ENUM_CONVERSION = YES;
				CLANG_WARN_INT_CONVERSION = YES;
				CLANG_WARN_OBJC_ROOT_CLASS = YES_ERROR;
				CLANG_WARN_UNREACHABLE_CODE = YES;
				CLANG_WARN__DUPLICATE_METHOD_MATCH = YES;
				"CODE_SIGN_IDENTITY[sdk=iphoneos*]" = "iPhone Developer";
				COPY_PHASE_STRIP = YES;
				ENABLE_NS_ASSERTIONS = NO;
				ENABLE_STRICT_OBJC_MSGSEND = YES;
				GCC_C_LANGUAGE_STANDARD = gnu99;
				GCC_WARN_64_TO_32_BIT_CONVERSION = YES;
				GCC_WARN_ABOUT_RETURN_TYPE = YES_ERROR;
				GCC_WARN_UNDECLARED_SELECTOR = YES;
				GCC_WARN_UNINITIALIZED_AUTOS = YES_AGGRESSIVE;
				GCC_WARN_UNUSED_FUNCTION = YES;
				GCC_WARN_UNUSED_VARIABLE = YES;
				IPHONEOS_DEPLOYMENT_TARGET = 8.1;
				MTL_ENABLE_DEBUG_INFO = NO;
				SDKROOT = iphoneos;
				TARGETED_DEVICE_FAMILY = "1,2";
				VALIDATE_PRODUCT = YES;
			};
			name = Release;
		};
		92423F1B1A7CE8FF00986FFA /* Debug */ = {
			isa = XCBuildConfiguration;
			buildSettings = {
				ASSETCATALOG_COMPILER_APPICON_NAME = AppIcon;
				CODE_SIGN_IDENTITY = "iPhone Developer";
				INFOPLIST_FILE = Unit5/Info.plist;
				LD_RUNPATH_SEARCH_PATHS = "$(inherited) @executable_path/Frameworks";
				PRODUCT_NAME = "$(TARGET_NAME)";
			};
			name = Debug;
		};
		92423F1C1A7CE8FF00986FFA /* Release */ = {
			isa = XCBuildConfiguration;
			buildSettings = {
				ASSETCATALOG_COMPILER_APPICON_NAME = AppIcon;
				CODE_SIGN_IDENTITY = "iPhone Developer";
				INFOPLIST_FILE = Unit5/Info.plist;
				LD_RUNPATH_SEARCH_PATHS = "$(inherited) @executable_path/Frameworks";
				PRODUCT_NAME = "$(TARGET_NAME)";
			};
			name = Release;
		};
		92423F1E1A7CE8FF00986FFA /* Debug */ = {
			isa = XCBuildConfiguration;
			buildSettings = {
				BUNDLE_LOADER = "$(TEST_HOST)";
				FRAMEWORK_SEARCH_PATHS = (
					"$(SDKROOT)/Developer/Library/Frameworks",
					"$(inherited)",
				);
				GCC_PREPROCESSOR_DEFINITIONS = (
					"DEBUG=1",
					"$(inherited)",
				);
				INFOPLIST_FILE = Unit5Tests/Info.plist;
				LD_RUNPATH_SEARCH_PATHS = "$(inherited) @executable_path/Frameworks @loader_path/Frameworks";
				PRODUCT_NAME = "$(TARGET_NAME)";
				TEST_HOST = "$(BUILT_PRODUCTS_DIR)/Unit5.app/Unit5";
			};
			name = Debug;
		};
		92423F1F1A7CE8FF00986FFA /* Release */ = {
			isa = XCBuildConfiguration;
			buildSettings = {
				BUNDLE_LOADER = "$(TEST_HOST)";
				FRAMEWORK_SEARCH_PATHS = (
					"$(SDKROOT)/Developer/Library/Frameworks",
					"$(inherited)",
				);
				INFOPLIST_FILE = Unit5Tests/Info.plist;
				LD_RUNPATH_SEARCH_PATHS = "$(inherited) @executable_path/Frameworks @loader_path/Frameworks";
				PRODUCT_NAME = "$(TARGET_NAME)";
				TEST_HOST = "$(BUILT_PRODUCTS_DIR)/Unit5.app/Unit5";
			};
			name = Release;
		};
/* End XCBuildConfiguration section */

/* Begin XCConfigurationList section */
		92423EF31A7CE8FE00986FFA /* Build configuration list for PBXProject "Unit5" */ = {
			isa = XCConfigurationList;
			buildConfigurations = (
				92423F181A7CE8FF00986FFA /* Debug */,
				92423F191A7CE8FF00986FFA /* Release */,
			);
			defaultConfigurationIsVisible = 0;
			defaultConfigurationName = Release;
		};
		92423F1A1A7CE8FF00986FFA /* Build configuration list for PBXNativeTarget "Unit5" */ = {
			isa = XCConfigurationList;
			buildConfigurations = (
				92423F1B1A7CE8FF00986FFA /* Debug */,
				92423F1C1A7CE8FF00986FFA /* Release */,
			);
			defaultConfigurationIsVisible = 0;
		};
		92423F1D1A7CE8FF00986FFA /* Build configuration list for PBXNativeTarget "Unit5Tests" */ = {
			isa = XCConfigurationList;
			buildConfigurations = (
				92423F1E1A7CE8FF00986FFA /* Debug */,
				92423F1F1A7CE8FF00986FFA /* Release */,
			);
			defaultConfigurationIsVisible = 0;
		};
/* End XCConfigurationList section */

/* Begin XCVersionGroup section */
		92423EFF1A7CE8FF00986FFA /* Unit5.xcdatamodeld */ = {
			isa = XCVersionGroup;
			children = (
				92423F001A7CE8FF00986FFA /* Unit5.xcdatamodel */,
			);
			currentVersion = 92423F001A7CE8FF00986FFA /* Unit5.xcdatamodel */;
			path = Unit5.xcdatamodeld;
			sourceTree = "<group>";
			versionGroupType = wrapper.xcdatamodel;
		};
/* End XCVersionGroup section */
	};
	rootObject = 92423EF01A7CE8FE00986FFA /* Project object */;
}
